
Microsoft Visual Studio Solution File, Format Version 12.00
# Visual Studio Version 16
VisualStudioVersion = 16.0.31005.135
MinimumVisualStudioVersion = 10.0.40219.1
Project("{FAE04EC0-301F-11D3-BF4B-00C04F79EFBC}") = "Practica_2", "Practica_2\Practica_2.csproj", "{646682A2-1AD7-4B7B-A1DA-EF39CD8BD0E3}"
EndProject
Project("{FAE04EC0-301F-11D3-BF4B-00C04F79EFBC}") = "Ejercicio_Int", "Ejercicio_Int\Ejercicio_Int.csproj", "{290D5EE3-55D9-4E29-AD2E-5BA881DCE249}"
EndProject
Project("{FAE04EC0-301F-11D3-BF4B-00C04F79EFBC}") = "CalculoPerimetro", "CalculoPerimetro\CalculoPerimetro.csproj", "{5E615965-435C-4147-8A94-3CFB6FAF707A}"
EndProject
Project("{FAE04EC0-301F-11D3-BF4B-00C04F79EFBC}") = "Ejercicio_String", "Ejercicio_String\Ejercicio_String.csproj", "{019A7920-3639-437E-B692-33176DFF86F2}"
EndProject
Project("{FAE04EC0-301F-11D3-BF4B-00C04F79EFBC}") = "Ejercicio_StringInt", "Ejercicio_StringInt\Ejercicio_StringInt.csproj", "{127EB4D5-8818-42AE-8079-FDB1D57F2F7F}"
EndProject
Project("{FAE04EC0-301F-11D3-BF4B-00C04F79EFBC}") = "Operaciones", "Operaciones\Operaciones.csproj", "{2A72500A-7544-4BDC-B406-8DB3C4C14B6E}"
EndProject
Project("{FAE04EC0-301F-11D3-BF4B-00C04F79EFBC}") = "Burguer", "Burguer\Burguer.csproj", "{8314BE37-99F0-48DA-81D5-F26D40D6F239}"
EndProject
Global
	GlobalSection(SolutionConfigurationPlatforms) = preSolution
		Debug|Any CPU = Debug|Any CPU
		Release|Any CPU = Release|Any CPU
	EndGlobalSection
	GlobalSection(ProjectConfigurationPlatforms) = postSolution
		{646682A2-1AD7-4B7B-A1DA-EF39CD8BD0E3}.Debug|Any CPU.ActiveCfg = Debug|Any CPU
		{646682A2-1AD7-4B7B-A1DA-EF39CD8BD0E3}.Debug|Any CPU.Build.0 = Debug|Any CPU
		{646682A2-1AD7-4B7B-A1DA-EF39CD8BD0E3}.Release|Any CPU.ActiveCfg = Release|Any CPU
		{646682A2-1AD7-4B7B-A1DA-EF39CD8BD0E3}.Release|Any CPU.Build.0 = Release|Any CPU
		{290D5EE3-55D9-4E29-AD2E-5BA881DCE249}.Debug|Any CPU.ActiveCfg = Debug|Any CPU
		{290D5EE3-55D9-4E29-AD2E-5BA881DCE249}.Debug|Any CPU.Build.0 = Debug|Any CPU
		{290D5EE3-55D9-4E29-AD2E-5BA881DCE249}.Release|Any CPU.ActiveCfg = Release|Any CPU
		{290D5EE3-55D9-4E29-AD2E-5BA881DCE249}.Release|Any CPU.Build.0 = Release|Any CPU
		{5E615965-435C-4147-8A94-3CFB6FAF707A}.Debug|Any CPU.ActiveCfg = Debug|Any CPU
		{5E615965-435C-4147-8A94-3CFB6FAF707A}.Debug|Any CPU.Build.0 = Debug|Any CPU
		{5E615965-435C-4147-8A94-3CFB6FAF707A}.Release|Any CPU.ActiveCfg = Release|Any CPU
		{5E615965-435C-4147-8A94-3CFB6FAF707A}.Release|Any CPU.Build.0 = Release|Any CPU
		{019A7920-3639-437E-B692-33176DFF86F2}.Debug|Any CPU.ActiveCfg = Debug|Any CPU
		{019A7920-3639-437E-B692-33176DFF86F2}.Debug|Any CPU.Build.0 = Debug|Any CPU
		{019A7920-3639-437E-B692-33176DFF86F2}.Release|Any CPU.ActiveCfg = Release|Any CPU
		{019A7920-3639-437E-B692-33176DFF86F2}.Release|Any CPU.Build.0 = Release|Any CPU
		{127EB4D5-8818-42AE-8079-FDB1D57F2F7F}.Debug|Any CPU.ActiveCfg = Debug|Any CPU
		{127EB4D5-8818-42AE-8079-FDB1D57F2F7F}.Debug|Any CPU.Build.0 = Debug|Any CPU
		{127EB4D5-8818-42AE-8079-FDB1D57F2F7F}.Release|Any CPU.ActiveCfg = Release|Any CPU
		{127EB4D5-8818-42AE-8079-FDB1D57F2F7F}.Release|Any CPU.Build.0 = Release|Any CPU
		{2A72500A-7544-4BDC-B406-8DB3C4C14B6E}.Debug|Any CPU.ActiveCfg = Debug|Any CPU
		{2A72500A-7544-4BDC-B406-8DB3C4C14B6E}.Debug|Any CPU.Build.0 = Debug|Any CPU
		{2A72500A-7544-4BDC-B406-8DB3C4C14B6E}.Release|Any CPU.ActiveCfg = Release|Any CPU
		{2A72500A-7544-4BDC-B406-8DB3C4C14B6E}.Release|Any CPU.Build.0 = Release|Any CPU
		{8314BE37-99F0-48DA-81D5-F26D40D6F239}.Debug|Any CPU.ActiveCfg = Debug|Any CPU
		{8314BE37-99F0-48DA-81D5-F26D40D6F239}.Debug|Any CPU.Build.0 = Debug|Any CPU
		{8314BE37-99F0-48DA-81D5-F26D40D6F239}.Release|Any CPU.ActiveCfg = Release|Any CPU
		{8314BE37-99F0-48DA-81D5-F26D40D6F239}.Release|Any CPU.Build.0 = Release|Any CPU
	EndGlobalSection
	GlobalSection(SolutionProperties) = preSolution
		HideSolutionNode = FALSE
	EndGlobalSection
	GlobalSection(ExtensibilityGlobals) = postSolution
		SolutionGuid = {299FF44B-0023-4C8C-B71C-E34A13E606EF}
	EndGlobalSection
EndGlobal
